
Microsoft Visual Studio Solution File, Format Version 12.00
# Visual Studio Version 16
VisualStudioVersion = 16.0.33328.57
MinimumVisualStudioVersion = 10.0.40219.1
Project("{FAE04EC0-301F-11D3-BF4B-00C04F79EFBC}") = "BasicClass", "BasicClass\BasicClass.csproj", "{9F8F76B3-EC74-412B-BB04-1B54756D2F62}"
EndProject
Global
	GlobalSection(SolutionConfigurationPlatforms) = preSolution
		Debug|Any CPU = Debug|Any CPU
		Release|Any CPU = Release|Any CPU
	EndGlobalSection
	GlobalSection(ProjectConfigurationPlatforms) = postSolution
		{9F8F76B3-EC74-412B-BB04-1B54756D2F62}.Debug|Any CPU.ActiveCfg = Debug|Any CPU
		{9F8F76B3-EC74-412B-BB04-1B54756D2F62}.Debug|Any CPU.Build.0 = Debug|Any CPU
		{9F8F76B3-EC74-412B-BB04-1B54756D2F62}.Release|Any CPU.ActiveCfg = Release|Any CPU
		{9F8F76B3-EC74-412B-BB04-1B54756D2F62}.Release|Any CPU.Build.0 = Release|Any CPU
	EndGlobalSection
	GlobalSection(SolutionProperties) = preSolution
		HideSolutionNode = FALSE
	EndGlobalSection
	GlobalSection(ExtensibilityGlobals) = postSolution
		SolutionGuid = {65E92654-FB57-4EB0-814A-359F2A719D87}
	EndGlobalSection
EndGlobal
